// !$*UTF8*$!
{
	archiveVersion = 1;
	classes = {
	};
	objectVersion = 50;
	objects = {

/* Begin PBXBuildFile section */
		CF0055C920F5518500DE0359 /* CategoryTableViewController.swift in Sources */ = {isa = PBXBuildFile; fileRef = CF0055C820F5518500DE0359 /* CategoryTableViewController.swift */; };
		CF26B06320ED4A6600E607A4 /* AppDelegate.swift in Sources */ = {isa = PBXBuildFile; fileRef = CF26B06220ED4A6600E607A4 /* AppDelegate.swift */; };
		CF26B06520ED4A6600E607A4 /* TodoListViewController.swift in Sources */ = {isa = PBXBuildFile; fileRef = CF26B06420ED4A6600E607A4 /* TodoListViewController.swift */; };
		CF26B06820ED4A6600E607A4 /* Main.storyboard in Resources */ = {isa = PBXBuildFile; fileRef = CF26B06620ED4A6600E607A4 /* Main.storyboard */; };
		CF26B06A20ED4A6900E607A4 /* Assets.xcassets in Resources */ = {isa = PBXBuildFile; fileRef = CF26B06920ED4A6900E607A4 /* Assets.xcassets */; };
		CF26B06D20ED4A6900E607A4 /* LaunchScreen.storyboard in Resources */ = {isa = PBXBuildFile; fileRef = CF26B06B20ED4A6900E607A4 /* LaunchScreen.storyboard */; };
		CF26B07C20EF364B00E607A4 /* DataModel.xcdatamodeld in Sources */ = {isa = PBXBuildFile; fileRef = CF26B07A20EF364B00E607A4 /* DataModel.xcdatamodeld */; };
/* End PBXBuildFile section */

/* Begin PBXFileReference section */
		CF0055C820F5518500DE0359 /* CategoryTableViewController.swift */ = {isa = PBXFileReference; lastKnownFileType = sourcecode.swift; path = CategoryTableViewController.swift; sourceTree = "<group>"; };
		CF26B05F20ED4A6500E607A4 /* TaskApp.app */ = {isa = PBXFileReference; explicitFileType = wrapper.application; includeInIndex = 0; path = TaskApp.app; sourceTree = BUILT_PRODUCTS_DIR; };
		CF26B06220ED4A6600E607A4 /* AppDelegate.swift */ = {isa = PBXFileReference; lastKnownFileType = sourcecode.swift; path = AppDelegate.swift; sourceTree = "<group>"; };
		CF26B06420ED4A6600E607A4 /* TodoListViewController.swift */ = {isa = PBXFileReference; lastKnownFileType = sourcecode.swift; path = TodoListViewController.swift; sourceTree = "<group>"; };
		CF26B06720ED4A6600E607A4 /* Base */ = {isa = PBXFileReference; lastKnownFileType = file.storyboard; name = Base; path = Base.lproj/Main.storyboard; sourceTree = "<group>"; };
		CF26B06920ED4A6900E607A4 /* Assets.xcassets */ = {isa = PBXFileReference; lastKnownFileType = folder.assetcatalog; path = Assets.xcassets; sourceTree = "<group>"; };
		CF26B06C20ED4A6900E607A4 /* Base */ = {isa = PBXFileReference; lastKnownFileType = file.storyboard; name = Base; path = Base.lproj/LaunchScreen.storyboard; sourceTree = "<group>"; };
		CF26B06E20ED4A6900E607A4 /* Info.plist */ = {isa = PBXFileReference; lastKnownFileType = text.plist.xml; path = Info.plist; sourceTree = "<group>"; };
		CF26B07B20EF364B00E607A4 /* DataModel.xcdatamodel */ = {isa = PBXFileReference; lastKnownFileType = wrapper.xcdatamodel; path = DataModel.xcdatamodel; sourceTree = "<group>"; };
/* End PBXFileReference section */

/* Begin PBXFrameworksBuildPhase section */
		CF26B05C20ED4A6500E607A4 /* Frameworks */ = {
			isa = PBXFrameworksBuildPhase;
			buildActionMask = 2147483647;
			files = (
			);
			runOnlyForDeploymentPostprocessing = 0;
		};
/* End PBXFrameworksBuildPhase section */

/* Begin PBXGroup section */
		CF26B05620ED4A6500E607A4 = {
			isa = PBXGroup;
			children = (
				CF26B06120ED4A6500E607A4 /* TaskApp */,
				CF26B06020ED4A6500E607A4 /* Products */,
			);
			sourceTree = "<group>";
		};
		CF26B06020ED4A6500E607A4 /* Products */ = {
			isa = PBXGroup;
			children = (
				CF26B05F20ED4A6500E607A4 /* TaskApp.app */,
			);
			name = Products;
			sourceTree = "<group>";
		};
		CF26B06120ED4A6500E607A4 /* TaskApp */ = {
			isa = PBXGroup;
			children = (
				CF26B06220ED4A6600E607A4 /* AppDelegate.swift */,
				CF26B07620EEA86700E607A4 /* Data Model */,
				CF26B07720EEA88000E607A4 /* Controllers */,
				CF26B07820EEA89200E607A4 /* Views */,
				CF26B07920EEA8B400E607A4 /* Supporting Files */,
				CF26B06E20ED4A6900E607A4 /* Info.plist */,
			);
			path = TaskApp;
			sourceTree = "<group>";
		};
		CF26B07620EEA86700E607A4 /* Data Model */ = {
			isa = PBXGroup;
			children = (
				CF26B07A20EF364B00E607A4 /* DataModel.xcdatamodeld */,
			);
			path = "Data Model";
			sourceTree = "<group>";
		};
		CF26B07720EEA88000E607A4 /* Controllers */ = {
			isa = PBXGroup;
			children = (
				CF0055C820F5518500DE0359 /* CategoryTableViewController.swift */,
				CF26B06420ED4A6600E607A4 /* TodoListViewController.swift */,
			);
			path = Controllers;
			sourceTree = "<group>";
		};
		CF26B07820EEA89200E607A4 /* Views */ = {
			isa = PBXGroup;
			children = (
				CF26B06620ED4A6600E607A4 /* Main.storyboard */,
			);
			path = Views;
			sourceTree = "<group>";
		};
		CF26B07920EEA8B400E607A4 /* Supporting Files */ = {
			isa = PBXGroup;
			children = (
				CF26B06920ED4A6900E607A4 /* Assets.xcassets */,
				CF26B06B20ED4A6900E607A4 /* LaunchScreen.storyboard */,
			);
			path = "Supporting Files";
			sourceTree = "<group>";
		};
/* End PBXGroup section */

/* Begin PBXNativeTarget section */
		CF26B05E20ED4A6500E607A4 /* TaskApp */ = {
			isa = PBXNativeTarget;
			buildConfigurationList = CF26B07120ED4A6900E607A4 /* Build configuration list for PBXNativeTarget "TaskApp" */;
			buildPhases = (
				CF26B05B20ED4A6500E607A4 /* Sources */,
				CF26B05C20ED4A6500E607A4 /* Frameworks */,
				CF26B05D20ED4A6500E607A4 /* Resources */,
			);
			buildRules = (
			);
			dependencies = (
			);
			name = TaskApp;
			productName = TaskApp;
			productReference = CF26B05F20ED4A6500E607A4 /* TaskApp.app */;
			productType = "com.apple.product-type.application";
		};
/* End PBXNativeTarget section */

/* Begin PBXProject section */
		CF26B05720ED4A6500E607A4 /* Project object */ = {
			isa = PBXProject;
			attributes = {
				LastSwiftUpdateCheck = 0940;
				LastUpgradeCheck = 0940;
				ORGANIZATIONNAME = "Amir Nickroo";
				TargetAttributes = {
					CF26B05E20ED4A6500E607A4 = {
						CreatedOnToolsVersion = 9.4.1;
					};
				};
			};
			buildConfigurationList = CF26B05A20ED4A6500E607A4 /* Build configuration list for PBXProject "TaskApp" */;
			compatibilityVersion = "Xcode 9.3";
			developmentRegion = en;
			hasScannedForEncodings = 0;
			knownRegions = (
				en,
				Base,
			);
			mainGroup = CF26B05620ED4A6500E607A4;
			productRefGroup = CF26B06020ED4A6500E607A4 /* Products */;
			projectDirPath = "";
			projectRoot = "";
			targets = (
				CF26B05E20ED4A6500E607A4 /* TaskApp */,
			);
		};
/* End PBXProject section */

/* Begin PBXResourcesBuildPhase section */
		CF26B05D20ED4A6500E607A4 /* Resources */ = {
			isa = PBXResourcesBuildPhase;
			buildActionMask = 2147483647;
			files = (
				CF26B06D20ED4A6900E607A4 /* LaunchScreen.storyboard in Resources */,
				CF26B06A20ED4A6900E607A4 /* Assets.xcassets in Resources */,
				CF26B06820ED4A6600E607A4 /* Main.storyboard in Resources */,
			);
			runOnlyForDeploymentPostprocessing = 0;
		};
/* End PBXResourcesBuildPhase section */

/* Begin PBXSourcesBuildPhase section */
		CF26B05B20ED4A6500E607A4 /* Sources */ = {
			isa = PBXSourcesBuildPhase;
			buildActionMask = 2147483647;
			files = (
				CF26B06520ED4A6600E607A4 /* TodoListViewController.swift in Sources */,
				CF26B07C20EF364B00E607A4 /* DataModel.xcdatamodeld in Sources */,
				CF26B06320ED4A6600E607A4 /* AppDelegate.swift in Sources */,
				CF0055C920F5518500DE0359 /* CategoryTableViewController.swift in Sources */,
			);
			runOnlyForDeploymentPostprocessing = 0;
		};
/* End PBXSourcesBuildPhase section */

/* Begin PBXVariantGroup section */
		CF26B06620ED4A6600E607A4 /* Main.storyboard */ = {
			isa = PBXVariantGroup;
			children = (
				CF26B06720ED4A6600E607A4 /* Base */,
			);
			name = Main.storyboard;
			sourceTree = "<group>";
		};
		CF26B06B20ED4A6900E607A4 /* LaunchScreen.storyboard */ = {
			isa = PBXVariantGroup;
			children = (
				CF26B06C20ED4A6900E607A4 /* Base */,
			);
			name = LaunchScreen.storyboard;
			sourceTree = "<group>";
		};
/* End PBXVariantGroup section */

/* Begin XCBuildConfiguration section */
		CF26B06F20ED4A6900E607A4 /* Debug */ = {
			isa = XCBuildConfiguration;
			buildSettings = {
				ALWAYS_SEARCH_USER_PATHS = NO;
				CLANG_ANALYZER_NONNULL = YES;
				CLANG_ANALYZER_NUMBER_OBJECT_CONVERSION = YES_AGGRESSIVE;
				CLANG_CXX_LANGUAGE_STANDARD = "gnu++14";
				CLANG_CXX_LIBRARY = "libc++";
				CLANG_ENABLE_MODULES = YES;
				CLANG_ENABLE_OBJC_ARC = YES;
				CLANG_ENABLE_OBJC_WEAK = YES;
				CLANG_WARN_BLOCK_CAPTURE_AUTORELEASING = YES;
				CLANG_WARN_BOOL_CONVERSION = YES;
				CLANG_WARN_COMMA = YES;
				CLANG_WARN_CONSTANT_CONVERSION = YES;
				CLANG_WARN_DEPRECATED_OBJC_IMPLEMENTATIONS = YES;
				CLANG_WARN_DIRECT_OBJC_ISA_USAGE = YES_ERROR;
				CLANG_WARN_DOCUMENTATION_COMMENTS = YES;
				CLANG_WARN_EMPTY_BODY = YES;
				CLANG_WARN_ENUM_CONVERSION = YES;
				CLANG_WARN_INFINITE_RECURSION = YES;
				CLANG_WARN_INT_CONVERSION = YES;
				CLANG_WARN_NON_LITERAL_NULL_CONVERSION = YES;
				CLANG_WARN_OBJC_IMPLICIT_RETAIN_SELF = YES;
				CLANG_WARN_OBJC_LITERAL_CONVERSION = YES;
				CLANG_WARN_OBJC_ROOT_CLASS = YES_ERROR;
				CLANG_WARN_RANGE_LOOP_ANALYSIS = YES;
				CLANG_WARN_STRICT_PROTOTYPES = YES;
				CLANG_WARN_SUSPICIOUS_MOVE = YES;
				CLANG_WARN_UNGUARDED_AVAILABILITY = YES_AGGRESSIVE;
				CLANG_WARN_UNREACHABLE_CODE = YES;
				CLANG_WARN__DUPLICATE_METHOD_MATCH = YES;
				CODE_SIGN_IDENTITY = "iPhone Developer";
				COPY_PHASE_STRIP = NO;
				DEBUG_INFORMATION_FORMAT = dwarf;
				ENABLE_STRICT_OBJC_MSGSEND = YES;
				ENABLE_TESTABILITY = YES;
				GCC_C_LANGUAGE_STANDARD = gnu11;
				GCC_DYNAMIC_NO_PIC = NO;
				GCC_NO_COMMON_BLOCKS = YES;
				GCC_OPTIMIZATION_LEVEL = 0;
				GCC_PREPROCESSOR_DEFINITIONS = (
					"DEBUG=1",
					"$(inherited)",
				);
				GCC_WARN_64_TO_32_BIT_CONVERSION = YES;
				GCC_WARN_ABOUT_RETURN_TYPE = YES_ERROR;
				GCC_WARN_UNDECLARED_SELECTOR = YES;
				GCC_WARN_UNINITIALIZED_AUTOS = YES_AGGRESSIVE;
				GCC_WARN_UNUSED_FUNCTION = YES;
				GCC_WARN_UNUSED_VARIABLE = YES;
				IPHONEOS_DEPLOYMENT_TARGET = 11.4;
				MTL_ENABLE_DEBUG_INFO = YES;
				ONLY_ACTIVE_ARCH = YES;
				SDKROOT = iphoneos;
				SWIFT_ACTIVE_COMPILATION_CONDITIONS = DEBUG;
				SWIFT_OPTIMIZATION_LEVEL = "-Onone";
			};
			name = Debug;
		};
		CF26B07020ED4A6900E607A4 /* Release */ = {
			isa = XCBuildConfiguration;
			buildSettings = {
				ALWAYS_SEARCH_USER_PATHS = NO;
				CLANG_ANALYZER_NONNULL = YES;
				CLANG_ANALYZER_NUMBER_OBJECT_CONVERSION = YES_AGGRESSIVE;
				CLANG_CXX_LANGUAGE_STANDARD = "gnu++14";
				CLANG_CXX_LIBRARY = "libc++";
				CLANG_ENABLE_MODULES = YES;
				CLANG_ENABLE_OBJC_ARC = YES;
				CLANG_ENABLE_OBJC_WEAK = YES;
				CLANG_WARN_BLOCK_CAPTURE_AUTORELEASING = YES;
				CLANG_WARN_BOOL_CONVERSION = YES;
				CLANG_WARN_COMMA = YES;
				CLANG_WARN_CONSTANT_CONVERSION = YES;
				CLANG_WARN_DEPRECATED_OBJC_IMPLEMENTATIONS = YES;
				CLANG_WARN_DIRECT_OBJC_ISA_USAGE = YES_ERROR;
				CLANG_WARN_DOCUMENTATION_COMMENTS = YES;
				CLANG_WARN_EMPTY_BODY = YES;
				CLANG_WARN_ENUM_CONVERSION = YES;
				CLANG_WARN_INFINITE_RECURSION = YES;
				CLANG_WARN_INT_CONVERSION = YES;
				CLANG_WARN_NON_LITERAL_NULL_CONVERSION = YES;
				CLANG_WARN_OBJC_IMPLICIT_RETAIN_SELF = YES;
				CLANG_WARN_OBJC_LITERAL_CONVERSION = YES;
				CLANG_WARN_OBJC_ROOT_CLASS = YES_ERROR;
				CLANG_WARN_RANGE_LOOP_ANALYSIS = YES;
				CLANG_WARN_STRICT_PROTOTYPES = YES;
				CLANG_WARN_SUSPICIOUS_MOVE = YES;
				CLANG_WARN_UNGUARDED_AVAILABILITY = YES_AGGRESSIVE;
				CLANG_WARN_UNREACHABLE_CODE = YES;
				CLANG_WARN__DUPLICATE_METHOD_MATCH = YES;
				CODE_SIGN_IDENTITY = "iPhone Developer";
				COPY_PHASE_STRIP = NO;
				DEBUG_INFORMATION_FORMAT = "dwarf-with-dsym";
				ENABLE_NS_ASSERTIONS = NO;
				ENABLE_STRICT_OBJC_MSGSEND = YES;
				GCC_C_LANGUAGE_STANDARD = gnu11;
				GCC_NO_COMMON_BLOCKS = YES;
				GCC_WARN_64_TO_32_BIT_CONVERSION = YES;
				GCC_WARN_ABOUT_RETURN_TYPE = YES_ERROR;
				GCC_WARN_UNDECLARED_SELECTOR = YES;
				GCC_WARN_UNINITIALIZED_AUTOS = YES_AGGRESSIVE;
				GCC_WARN_UNUSED_FUNCTION = YES;
				GCC_WARN_UNUSED_VARIABLE = YES;
				IPHONEOS_DEPLOYMENT_TARGET = 11.4;
				MTL_ENABLE_DEBUG_INFO = NO;
				SDKROOT = iphoneos;
				SWIFT_COMPILATION_MODE = wholemodule;
				SWIFT_OPTIMIZATION_LEVEL = "-O";
				VALIDATE_PRODUCT = YES;
			};
			name = Release;
		};
		CF26B07220ED4A6900E607A4 /* Debug */ = {
			isa = XCBuildConfiguration;
			buildSettings = {
				ASSETCATALOG_COMPILER_APPICON_NAME = AppIcon;
				CODE_SIGN_STYLE = Automatic;
				DEVELOPMENT_TEAM = MCGK8QGNLX;
				INFOPLIST_FILE = TaskApp/Info.plist;
				LD_RUNPATH_SEARCH_PATHS = (
					"$(inherited)",
					"@executable_path/Frameworks",
				);
				PRODUCT_BUNDLE_IDENTIFIER = com.AmiracleDev.TaskApp;
				PRODUCT_NAME = "$(TARGET_NAME)";
				SWIFT_VERSION = 4.0;
				TARGETED_DEVICE_FAMILY = "1,2";
			};
			name = Debug;
		};
		CF26B07320ED4A6900E607A4 /* Release */ = {
			isa = XCBuildConfiguration;
			buildSettings = {
				ASSETCATALOG_COMPILER_APPICON_NAME = AppIcon;
				CODE_SIGN_STYLE = Automatic;
				DEVELOPMENT_TEAM = MCGK8QGNLX;
				INFOPLIST_FILE = TaskApp/Info.plist;
				LD_RUNPATH_SEARCH_PATHS = (
					"$(inherited)",
					"@executable_path/Frameworks",
				);
				PRODUCT_BUNDLE_IDENTIFIER = com.AmiracleDev.TaskApp;
				PRODUCT_NAME = "$(TARGET_NAME)";
				SWIFT_VERSION = 4.0;
				TARGETED_DEVICE_FAMILY = "1,2";
			};
			name = Release;
		};
/* End XCBuildConfiguration section */

/* Begin XCConfigurationList section */
		CF26B05A20ED4A6500E607A4 /* Build configuration list for PBXProject "TaskApp" */ = {
			isa = XCConfigurationList;
			buildConfigurations = (
				CF26B06F20ED4A6900E607A4 /* Debug */,
				CF26B07020ED4A6900E607A4 /* Release */,
			);
			defaultConfigurationIsVisible = 0;
			defaultConfigurationName = Release;
		};
		CF26B07120ED4A6900E607A4 /* Build configuration list for PBXNativeTarget "TaskApp" */ = {
			isa = XCConfigurationList;
			buildConfigurations = (
				CF26B07220ED4A6900E607A4 /* Debug */,
				CF26B07320ED4A6900E607A4 /* Release */,
			);
			defaultConfigurationIsVisible = 0;
			defaultConfigurationName = Release;
		};
/* End XCConfigurationList section */

/* Begin XCVersionGroup section */
		CF26B07A20EF364B00E607A4 /* DataModel.xcdatamodeld */ = {
			isa = XCVersionGroup;
			children = (
				CF26B07B20EF364B00E607A4 /* DataModel.xcdatamodel */,
			);
			currentVersion = CF26B07B20EF364B00E607A4 /* DataModel.xcdatamodel */;
			path = DataModel.xcdatamodeld;
			sourceTree = "<group>";
			versionGroupType = wrapper.xcdatamodel;
		};
/* End XCVersionGroup section */
	};
	rootObject = CF26B05720ED4A6500E607A4 /* Project object */;
}
